// !$*UTF8*$!
{
	archiveVersion = 1;
	classes = {
	};
	objectVersion = 45;
	objects = {

/* Begin PBXBuildFile section */
		1D3623260D0F684500981E51 /* AmblrAppDelegate.m in Sources */ = {isa = PBXBuildFile; fileRef = 1D3623250D0F684500981E51 /* AmblrAppDelegate.m */; };
		1D60589B0D05DD56006BFB54 /* main.m in Sources */ = {isa = PBXBuildFile; fileRef = 29B97316FDCFA39411CA2CEA /* main.m */; };
		1D60589F0D05DD5A006BFB54 /* Foundation.framework in Frameworks */ = {isa = PBXBuildFile; fileRef = 1D30AB110D05D00D00671497 /* Foundation.framework */; };
		1DF5F4E00D08C38300B7A737 /* UIKit.framework in Frameworks */ = {isa = PBXBuildFile; fileRef = 1DF5F4DF0D08C38300B7A737 /* UIKit.framework */; };
		288765A50DF7441C002DB57D /* CoreGraphics.framework in Frameworks */ = {isa = PBXBuildFile; fileRef = 288765A40DF7441C002DB57D /* CoreGraphics.framework */; };
		2899E5220DE3E06400AC0155 /* AmblrViewController.xib in Resources */ = {isa = PBXBuildFile; fileRef = 2899E5210DE3E06400AC0155 /* AmblrViewController.xib */; };
		28AD733F0D9D9553002E5188 /* MainWindow.xib in Resources */ = {isa = PBXBuildFile; fileRef = 28AD733E0D9D9553002E5188 /* MainWindow.xib */; };
		28D7ACF80DDB3853001CB0EB /* AmblrViewController.m in Sources */ = {isa = PBXBuildFile; fileRef = 28D7ACF70DDB3853001CB0EB /* AmblrViewController.m */; };
		D843054A1326D9230065A78F /* row1.png in Resources */ = {isa = PBXBuildFile; fileRef = D84305491326D9230065A78F /* row1.png */; };
		D843056F1326E56C0065A78F /* titlePage.png in Resources */ = {isa = PBXBuildFile; fileRef = D843056E1326E56C0065A78F /* titlePage.png */; };
		D84305741326E5E50065A78F /* title_text.png in Resources */ = {isa = PBXBuildFile; fileRef = D84305721326E5E50065A78F /* title_text.png */; };
		D84305751326E5E50065A78F /* logo.png in Resources */ = {isa = PBXBuildFile; fileRef = D84305731326E5E50065A78F /* logo.png */; };
		D843062213277E800065A78F /* SplashScreenController.m in Sources */ = {isa = PBXBuildFile; fileRef = D843062013277E800065A78F /* SplashScreenController.m */; };
		D843062313277E800065A78F /* SplashScreenController.xib in Resources */ = {isa = PBXBuildFile; fileRef = D843062113277E800065A78F /* SplashScreenController.xib */; };
		D84306481327806A0065A78F /* MediaViewController.m in Sources */ = {isa = PBXBuildFile; fileRef = D84306461327806A0065A78F /* MediaViewController.m */; };
		D84306491327806A0065A78F /* MediaViewController.xib in Resources */ = {isa = PBXBuildFile; fileRef = D84306471327806A0065A78F /* MediaViewController.xib */; };
		D8430650132780D70065A78F /* paradise_lost.jpeg in Resources */ = {isa = PBXBuildFile; fileRef = D843064F132780D70065A78F /* paradise_lost.jpeg */; };
		D84306BC132786A40065A78F /* TabViewController.m in Sources */ = {isa = PBXBuildFile; fileRef = D84306BA132786A40065A78F /* TabViewController.m */; };
		D84306BD132786A40065A78F /* TabViewController.xib in Resources */ = {isa = PBXBuildFile; fileRef = D84306BB132786A40065A78F /* TabViewController.xib */; };
		D84306C41327876B0065A78F /* mapButtonBright.png in Resources */ = {isa = PBXBuildFile; fileRef = D84306C21327876B0065A78F /* mapButtonBright.png */; };
		D84306C51327876B0065A78F /* mapButton.png in Resources */ = {isa = PBXBuildFile; fileRef = D84306C31327876B0065A78F /* mapButton.png */; };
		D84306C9132788070065A78F /* mediaButtonBright.png in Resources */ = {isa = PBXBuildFile; fileRef = D84306C8132788070065A78F /* mediaButtonBright.png */; };
		D84306CF132788420065A78F /* mediaButton.png in Resources */ = {isa = PBXBuildFile; fileRef = D84306CE132788420065A78F /* mediaButton.png */; };
		D84306D3132788760065A78F /* ToolButton.png in Resources */ = {isa = PBXBuildFile; fileRef = D84306D2132788760065A78F /* ToolButton.png */; };
		D860A198132437D000DD49EA /* WebViewController.m in Sources */ = {isa = PBXBuildFile; fileRef = D860A196132437D000DD49EA /* WebViewController.m */; };
		D860A199132437D000DD49EA /* WebViewController.xib in Resources */ = {isa = PBXBuildFile; fileRef = D860A197132437D000DD49EA /* WebViewController.xib */; };
		D860A1D613243BFE00DD49EA /* genesis.html in Resources */ = {isa = PBXBuildFile; fileRef = D860A1D513243BFE00DD49EA /* genesis.html */; };
		D860A2611324463700DD49EA /* PurchaseViewController.m in Sources */ = {isa = PBXBuildFile; fileRef = D860A25F1324463700DD49EA /* PurchaseViewController.m */; };
		D860A2621324463700DD49EA /* PurchaseViewController.xib in Resources */ = {isa = PBXBuildFile; fileRef = D860A2601324463700DD49EA /* PurchaseViewController.xib */; };
		D860A2671324471D00DD49EA /* satanic_bible.png in Resources */ = {isa = PBXBuildFile; fileRef = D860A2661324471D00DD49EA /* satanic_bible.png */; };
		D860A36B1325280900DD49EA /* title_bar.png in Resources */ = {isa = PBXBuildFile; fileRef = D860A36A1325280900DD49EA /* title_bar.png */; };
		D860A3791325309B00DD49EA /* gold_pin.png in Resources */ = {isa = PBXBuildFile; fileRef = D860A3771325309B00DD49EA /* gold_pin.png */; };
		D860A37A1325309B00DD49EA /* silver_pin.png in Resources */ = {isa = PBXBuildFile; fileRef = D860A3781325309B00DD49EA /* silver_pin.png */; };
		D860A46E13255ECD00DD49EA /* timelineView.png in Resources */ = {isa = PBXBuildFile; fileRef = D860A46C13255ECD00DD49EA /* timelineView.png */; };
		D860A46F13255ECD00DD49EA /* distanceView.png in Resources */ = {isa = PBXBuildFile; fileRef = D860A46D13255ECD00DD49EA /* distanceView.png */; };
		D860A4BD132569F600DD49EA /* DistanceViewController.m in Sources */ = {isa = PBXBuildFile; fileRef = D860A4BB132569F600DD49EA /* DistanceViewController.m */; };
		D860A4BE132569F600DD49EA /* DistanceViewController.xib in Resources */ = {isa = PBXBuildFile; fileRef = D860A4BC132569F600DD49EA /* DistanceViewController.xib */; };
		D860A61F1325918B00DD49EA /* NVPolylineAnnotationView.m in Sources */ = {isa = PBXBuildFile; fileRef = D860A61B1325918B00DD49EA /* NVPolylineAnnotationView.m */; };
		D860A6201325918B00DD49EA /* NVPolylineAnnotation.m in Sources */ = {isa = PBXBuildFile; fileRef = D860A61D1325918B00DD49EA /* NVPolylineAnnotation.m */; };
		D8AF34E01326AC7800F638B2 /* backdrop.png in Resources */ = {isa = PBXBuildFile; fileRef = D8AF34DF1326AC7800F638B2 /* backdrop.png */; };
		D8AF35001326ADBF00F638B2 /* icon_ipad.png in Resources */ = {isa = PBXBuildFile; fileRef = D8AF34FF1326ADBF00F638B2 /* icon_ipad.png */; };
		D8B1A2BC1323E90A00FB56A4 /* MapViewController.m in Sources */ = {isa = PBXBuildFile; fileRef = D8B1A2BA1323E90A00FB56A4 /* MapViewController.m */; };
		D8B1A2BD1323E90A00FB56A4 /* MapViewController.xib in Resources */ = {isa = PBXBuildFile; fileRef = D8B1A2BB1323E90A00FB56A4 /* MapViewController.xib */; };
		D8B1A2C11323EA1D00FB56A4 /* MapKit.framework in Frameworks */ = {isa = PBXBuildFile; fileRef = D8B1A2C01323EA1D00FB56A4 /* MapKit.framework */; };
		D8B1A3271323EF2400FB56A4 /* ToolViewController.m in Sources */ = {isa = PBXBuildFile; fileRef = D8B1A3251323EF2400FB56A4 /* ToolViewController.m */; };
		D8B1A3281323EF2400FB56A4 /* ToolViewController.xib in Resources */ = {isa = PBXBuildFile; fileRef = D8B1A3261323EF2400FB56A4 /* ToolViewController.xib */; };
		D8B1AA7E1323F4D100FB56A4 /* world.png in Resources */ = {isa = PBXBuildFile; fileRef = D8B1AA7B1323F4D100FB56A4 /* world.png */; };
		D8B1AA7F1323F4D100FB56A4 /* guy.png in Resources */ = {isa = PBXBuildFile; fileRef = D8B1AA7C1323F4D100FB56A4 /* guy.png */; };
		D8B1AA801323F4D100FB56A4 /* time.png in Resources */ = {isa = PBXBuildFile; fileRef = D8B1AA7D1323F4D100FB56A4 /* time.png */; };
		D8B1AB28132401DB00FB56A4 /* TextViewController.m in Sources */ = {isa = PBXBuildFile; fileRef = D8B1AB26132401DB00FB56A4 /* TextViewController.m */; };
		D8B1AB29132401DB00FB56A4 /* TextViewController.xib in Resources */ = {isa = PBXBuildFile; fileRef = D8B1AB27132401DB00FB56A4 /* TextViewController.xib */; };
		D8B1ABA01324132B00FB56A4 /* CoreLocation.framework in Frameworks */ = {isa = PBXBuildFile; fileRef = D8B1AB9F1324132B00FB56A4 /* CoreLocation.framework */; };
		D8B1ABEE1324162D00FB56A4 /* AmblrNode.m in Sources */ = {isa = PBXBuildFile; fileRef = D8B1ABEC1324162D00FB56A4 /* AmblrNode.m */; };
/* End PBXBuildFile section */

/* Begin PBXFileReference section */
		1D30AB110D05D00D00671497 /* Foundation.framework */ = {isa = PBXFileReference; lastKnownFileType = wrapper.framework; name = Foundation.framework; path = System/Library/Frameworks/Foundation.framework; sourceTree = SDKROOT; };
		1D3623240D0F684500981E51 /* AmblrAppDelegate.h */ = {isa = PBXFileReference; fileEncoding = 4; lastKnownFileType = sourcecode.c.h; path = AmblrAppDelegate.h; sourceTree = "<group>"; };
		1D3623250D0F684500981E51 /* AmblrAppDelegate.m */ = {isa = PBXFileReference; fileEncoding = 4; lastKnownFileType = sourcecode.c.objc; path = AmblrAppDelegate.m; sourceTree = "<group>"; };
		1D6058910D05DD3D006BFB54 /* Amblr.app */ = {isa = PBXFileReference; explicitFileType = wrapper.application; includeInIndex = 0; path = Amblr.app; sourceTree = BUILT_PRODUCTS_DIR; };
		1DF5F4DF0D08C38300B7A737 /* UIKit.framework */ = {isa = PBXFileReference; lastKnownFileType = wrapper.framework; name = UIKit.framework; path = System/Library/Frameworks/UIKit.framework; sourceTree = SDKROOT; };
		288765A40DF7441C002DB57D /* CoreGraphics.framework */ = {isa = PBXFileReference; lastKnownFileType = wrapper.framework; name = CoreGraphics.framework; path = System/Library/Frameworks/CoreGraphics.framework; sourceTree = SDKROOT; };
		2899E5210DE3E06400AC0155 /* AmblrViewController.xib */ = {isa = PBXFileReference; lastKnownFileType = file.xib; path = AmblrViewController.xib; sourceTree = "<group>"; };
		28AD733E0D9D9553002E5188 /* MainWindow.xib */ = {isa = PBXFileReference; lastKnownFileType = file.xib; path = MainWindow.xib; sourceTree = "<group>"; };
		28D7ACF60DDB3853001CB0EB /* AmblrViewController.h */ = {isa = PBXFileReference; fileEncoding = 4; lastKnownFileType = sourcecode.c.h; path = AmblrViewController.h; sourceTree = "<group>"; };
		28D7ACF70DDB3853001CB0EB /* AmblrViewController.m */ = {isa = PBXFileReference; fileEncoding = 4; lastKnownFileType = sourcecode.c.objc; path = AmblrViewController.m; sourceTree = "<group>"; };
		29B97316FDCFA39411CA2CEA /* main.m */ = {isa = PBXFileReference; fileEncoding = 4; lastKnownFileType = sourcecode.c.objc; path = main.m; sourceTree = "<group>"; };
		32CA4F630368D1EE00C91783 /* Amblr_Prefix.pch */ = {isa = PBXFileReference; fileEncoding = 4; lastKnownFileType = sourcecode.c.h; path = Amblr_Prefix.pch; sourceTree = "<group>"; };
		8D1107310486CEB800E47090 /* Amblr-Info.plist */ = {isa = PBXFileReference; fileEncoding = 4; lastKnownFileType = text.plist.xml; path = "Amblr-Info.plist"; plistStructureDefinitionIdentifier = "com.apple.xcode.plist.structure-definition.iphone.info-plist"; sourceTree = "<group>"; };
		D84305491326D9230065A78F /* row1.png */ = {isa = PBXFileReference; lastKnownFileType = image.png; path = row1.png; sourceTree = "<group>"; };
		D843056E1326E56C0065A78F /* titlePage.png */ = {isa = PBXFileReference; lastKnownFileType = image.png; path = titlePage.png; sourceTree = "<group>"; };
		D84305721326E5E50065A78F /* title_text.png */ = {isa = PBXFileReference; lastKnownFileType = image.png; path = title_text.png; sourceTree = "<group>"; };
		D84305731326E5E50065A78F /* logo.png */ = {isa = PBXFileReference; lastKnownFileType = image.png; path = logo.png; sourceTree = "<group>"; };
		D843061F13277E800065A78F /* SplashScreenController.h */ = {isa = PBXFileReference; fileEncoding = 4; lastKnownFileType = sourcecode.c.h; path = SplashScreenController.h; sourceTree = "<group>"; };
		D843062013277E800065A78F /* SplashScreenController.m */ = {isa = PBXFileReference; fileEncoding = 4; lastKnownFileType = sourcecode.c.objc; path = SplashScreenController.m; sourceTree = "<group>"; };
		D843062113277E800065A78F /* SplashScreenController.xib */ = {isa = PBXFileReference; lastKnownFileType = file.xib; path = SplashScreenController.xib; sourceTree = "<group>"; };
		D84306451327806A0065A78F /* MediaViewController.h */ = {isa = PBXFileReference; fileEncoding = 4; lastKnownFileType = sourcecode.c.h; path = MediaViewController.h; sourceTree = "<group>"; };
		D84306461327806A0065A78F /* MediaViewController.m */ = {isa = PBXFileReference; fileEncoding = 4; lastKnownFileType = sourcecode.c.objc; path = MediaViewController.m; sourceTree = "<group>"; };
		D84306471327806A0065A78F /* MediaViewController.xib */ = {isa = PBXFileReference; lastKnownFileType = file.xib; path = MediaViewController.xib; sourceTree = "<group>"; };
		D843064F132780D70065A78F /* paradise_lost.jpeg */ = {isa = PBXFileReference; lastKnownFileType = image.jpeg; path = paradise_lost.jpeg; sourceTree = "<group>"; };
		D84306B9132786A40065A78F /* TabViewController.h */ = {isa = PBXFileReference; fileEncoding = 4; lastKnownFileType = sourcecode.c.h; path = TabViewController.h; sourceTree = "<group>"; };
		D84306BA132786A40065A78F /* TabViewController.m */ = {isa = PBXFileReference; fileEncoding = 4; lastKnownFileType = sourcecode.c.objc; path = TabViewController.m; sourceTree = "<group>"; };
		D84306BB132786A40065A78F /* TabViewController.xib */ = {isa = PBXFileReference; lastKnownFileType = file.xib; path = TabViewController.xib; sourceTree = "<group>"; };
		D84306C21327876B0065A78F /* mapButtonBright.png */ = {isa = PBXFileReference; lastKnownFileType = image.png; path = mapButtonBright.png; sourceTree = "<group>"; };
		D84306C31327876B0065A78F /* mapButton.png */ = {isa = PBXFileReference; lastKnownFileType = image.png; path = mapButton.png; sourceTree = "<group>"; };
		D84306C8132788070065A78F /* mediaButtonBright.png */ = {isa = PBXFileReference; lastKnownFileType = image.png; path = mediaButtonBright.png; sourceTree = "<group>"; };
		D84306CE132788420065A78F /* mediaButton.png */ = {isa = PBXFileReference; lastKnownFileType = image.png; path = mediaButton.png; sourceTree = "<group>"; };
		D84306D2132788760065A78F /* ToolButton.png */ = {isa = PBXFileReference; lastKnownFileType = image.png; path = ToolButton.png; sourceTree = "<group>"; };
		D860A195132437D000DD49EA /* WebViewController.h */ = {isa = PBXFileReference; fileEncoding = 4; lastKnownFileType = sourcecode.c.h; path = WebViewController.h; sourceTree = "<group>"; };
		D860A196132437D000DD49EA /* WebViewController.m */ = {isa = PBXFileReference; fileEncoding = 4; lastKnownFileType = sourcecode.c.objc; path = WebViewController.m; sourceTree = "<group>"; };
		D860A197132437D000DD49EA /* WebViewController.xib */ = {isa = PBXFileReference; lastKnownFileType = file.xib; path = WebViewController.xib; sourceTree = "<group>"; };
		D860A1D513243BFE00DD49EA /* genesis.html */ = {isa = PBXFileReference; fileEncoding = 4; lastKnownFileType = text.html; path = genesis.html; sourceTree = "<group>"; };
		D860A25E1324463700DD49EA /* PurchaseViewController.h */ = {isa = PBXFileReference; fileEncoding = 4; lastKnownFileType = sourcecode.c.h; path = PurchaseViewController.h; sourceTree = "<group>"; };
		D860A25F1324463700DD49EA /* PurchaseViewController.m */ = {isa = PBXFileReference; fileEncoding = 4; lastKnownFileType = sourcecode.c.objc; path = PurchaseViewController.m; sourceTree = "<group>"; };
		D860A2601324463700DD49EA /* PurchaseViewController.xib */ = {isa = PBXFileReference; lastKnownFileType = file.xib; path = PurchaseViewController.xib; sourceTree = "<group>"; };
		D860A2661324471D00DD49EA /* satanic_bible.png */ = {isa = PBXFileReference; lastKnownFileType = image.png; path = satanic_bible.png; sourceTree = "<group>"; };
		D860A36A1325280900DD49EA /* title_bar.png */ = {isa = PBXFileReference; lastKnownFileType = image.png; path = title_bar.png; sourceTree = "<group>"; };
		D860A3771325309B00DD49EA /* gold_pin.png */ = {isa = PBXFileReference; lastKnownFileType = image.png; path = gold_pin.png; sourceTree = "<group>"; };
		D860A3781325309B00DD49EA /* silver_pin.png */ = {isa = PBXFileReference; lastKnownFileType = image.png; path = silver_pin.png; sourceTree = "<group>"; };
		D860A46C13255ECD00DD49EA /* timelineView.png */ = {isa = PBXFileReference; lastKnownFileType = image.png; path = timelineView.png; sourceTree = "<group>"; };
		D860A46D13255ECD00DD49EA /* distanceView.png */ = {isa = PBXFileReference; lastKnownFileType = image.png; path = distanceView.png; sourceTree = "<group>"; };
		D860A4BA132569F600DD49EA /* DistanceViewController.h */ = {isa = PBXFileReference; fileEncoding = 4; lastKnownFileType = sourcecode.c.h; path = DistanceViewController.h; sourceTree = "<group>"; };
		D860A4BB132569F600DD49EA /* DistanceViewController.m */ = {isa = PBXFileReference; fileEncoding = 4; lastKnownFileType = sourcecode.c.objc; path = DistanceViewController.m; sourceTree = "<group>"; };
		D860A4BC132569F600DD49EA /* DistanceViewController.xib */ = {isa = PBXFileReference; lastKnownFileType = file.xib; path = DistanceViewController.xib; sourceTree = "<group>"; };
		D860A61B1325918B00DD49EA /* NVPolylineAnnotationView.m */ = {isa = PBXFileReference; fileEncoding = 4; lastKnownFileType = sourcecode.c.objc; path = NVPolylineAnnotationView.m; sourceTree = "<group>"; };
		D860A61C1325918B00DD49EA /* NVPolylineAnnotationView.h */ = {isa = PBXFileReference; fileEncoding = 4; lastKnownFileType = sourcecode.c.h; path = NVPolylineAnnotationView.h; sourceTree = "<group>"; };
		D860A61D1325918B00DD49EA /* NVPolylineAnnotation.m */ = {isa = PBXFileReference; fileEncoding = 4; lastKnownFileType = sourcecode.c.objc; path = NVPolylineAnnotation.m; sourceTree = "<group>"; };
		D860A61E1325918B00DD49EA /* NVPolylineAnnotation.h */ = {isa = PBXFileReference; fileEncoding = 4; lastKnownFileType = sourcecode.c.h; path = NVPolylineAnnotation.h; sourceTree = "<group>"; };
		D8AF34DF1326AC7800F638B2 /* backdrop.png */ = {isa = PBXFileReference; lastKnownFileType = image.png; path = backdrop.png; sourceTree = "<group>"; };
		D8AF34FF1326ADBF00F638B2 /* icon_ipad.png */ = {isa = PBXFileReference; lastKnownFileType = image.png; path = icon_ipad.png; sourceTree = "<group>"; };
		D8B1A2B91323E90A00FB56A4 /* MapViewController.h */ = {isa = PBXFileReference; fileEncoding = 4; lastKnownFileType = sourcecode.c.h; path = MapViewController.h; sourceTree = "<group>"; };
		D8B1A2BA1323E90A00FB56A4 /* MapViewController.m */ = {isa = PBXFileReference; fileEncoding = 4; lastKnownFileType = sourcecode.c.objc; path = MapViewController.m; sourceTree = "<group>"; };
		D8B1A2BB1323E90A00FB56A4 /* MapViewController.xib */ = {isa = PBXFileReference; lastKnownFileType = file.xib; path = MapViewController.xib; sourceTree = "<group>"; };
		D8B1A2C01323EA1D00FB56A4 /* MapKit.framework */ = {isa = PBXFileReference; lastKnownFileType = wrapper.framework; name = MapKit.framework; path = System/Library/Frameworks/MapKit.framework; sourceTree = SDKROOT; };
		D8B1A3241323EF2400FB56A4 /* ToolViewController.h */ = {isa = PBXFileReference; fileEncoding = 4; lastKnownFileType = sourcecode.c.h; path = ToolViewController.h; sourceTree = "<group>"; };
		D8B1A3251323EF2400FB56A4 /* ToolViewController.m */ = {isa = PBXFileReference; fileEncoding = 4; lastKnownFileType = sourcecode.c.objc; path = ToolViewController.m; sourceTree = "<group>"; };
		D8B1A3261323EF2400FB56A4 /* ToolViewController.xib */ = {isa = PBXFileReference; lastKnownFileType = file.xib; path = ToolViewController.xib; sourceTree = "<group>"; };
		D8B1AA7B1323F4D100FB56A4 /* world.png */ = {isa = PBXFileReference; lastKnownFileType = image.png; path = world.png; sourceTree = "<group>"; };
		D8B1AA7C1323F4D100FB56A4 /* guy.png */ = {isa = PBXFileReference; lastKnownFileType = image.png; path = guy.png; sourceTree = "<group>"; };
		D8B1AA7D1323F4D100FB56A4 /* time.png */ = {isa = PBXFileReference; lastKnownFileType = image.png; path = time.png; sourceTree = "<group>"; };
		D8B1AB25132401DB00FB56A4 /* TextViewController.h */ = {isa = PBXFileReference; fileEncoding = 4; lastKnownFileType = sourcecode.c.h; path = TextViewController.h; sourceTree = "<group>"; };
		D8B1AB26132401DB00FB56A4 /* TextViewController.m */ = {isa = PBXFileReference; fileEncoding = 4; lastKnownFileType = sourcecode.c.objc; path = TextViewController.m; sourceTree = "<group>"; };
		D8B1AB27132401DB00FB56A4 /* TextViewController.xib */ = {isa = PBXFileReference; lastKnownFileType = file.xib; path = TextViewController.xib; sourceTree = "<group>"; };
		D8B1AB9F1324132B00FB56A4 /* CoreLocation.framework */ = {isa = PBXFileReference; lastKnownFileType = wrapper.framework; name = CoreLocation.framework; path = System/Library/Frameworks/CoreLocation.framework; sourceTree = SDKROOT; };
		D8B1ABEC1324162D00FB56A4 /* AmblrNode.m */ = {isa = PBXFileReference; fileEncoding = 4; lastKnownFileType = sourcecode.c.objc; path = AmblrNode.m; sourceTree = "<group>"; };
		D8B1ABED1324162D00FB56A4 /* AmblrNode.h */ = {isa = PBXFileReference; fileEncoding = 4; lastKnownFileType = sourcecode.c.h; path = AmblrNode.h; sourceTree = "<group>"; };
/* End PBXFileReference section */

/* Begin PBXFrameworksBuildPhase section */
		1D60588F0D05DD3D006BFB54 /* Frameworks */ = {
			isa = PBXFrameworksBuildPhase;
			buildActionMask = 2147483647;
			files = (
				1D60589F0D05DD5A006BFB54 /* Foundation.framework in Frameworks */,
				1DF5F4E00D08C38300B7A737 /* UIKit.framework in Frameworks */,
				288765A50DF7441C002DB57D /* CoreGraphics.framework in Frameworks */,
				D8B1A2C11323EA1D00FB56A4 /* MapKit.framework in Frameworks */,
				D8B1ABA01324132B00FB56A4 /* CoreLocation.framework in Frameworks */,
			);
			runOnlyForDeploymentPostprocessing = 0;
		};
/* End PBXFrameworksBuildPhase section */

/* Begin PBXGroup section */
		080E96DDFE201D6D7F000001 /* Classes */ = {
			isa = PBXGroup;
			children = (
				D8B1ABEC1324162D00FB56A4 /* AmblrNode.m */,
				D8B1ABED1324162D00FB56A4 /* AmblrNode.h */,
				1D3623240D0F684500981E51 /* AmblrAppDelegate.h */,
				1D3623250D0F684500981E51 /* AmblrAppDelegate.m */,
				28D7ACF60DDB3853001CB0EB /* AmblrViewController.h */,
				28D7ACF70DDB3853001CB0EB /* AmblrViewController.m */,
			);
			path = Classes;
			sourceTree = "<group>";
		};
		19C28FACFE9D520D11CA2CBB /* Products */ = {
			isa = PBXGroup;
			children = (
				1D6058910D05DD3D006BFB54 /* Amblr.app */,
			);
			name = Products;
			sourceTree = "<group>";
		};
		29B97314FDCFA39411CA2CEA /* CustomTemplate */ = {
			isa = PBXGroup;
			children = (
				080E96DDFE201D6D7F000001 /* Classes */,
				29B97315FDCFA39411CA2CEA /* Other Sources */,
				29B97317FDCFA39411CA2CEA /* Resources */,
				29B97323FDCFA39411CA2CEA /* Frameworks */,
				19C28FACFE9D520D11CA2CBB /* Products */,
			);
			name = CustomTemplate;
			sourceTree = "<group>";
		};
		29B97315FDCFA39411CA2CEA /* Other Sources */ = {
			isa = PBXGroup;
			children = (
				32CA4F630368D1EE00C91783 /* Amblr_Prefix.pch */,
				29B97316FDCFA39411CA2CEA /* main.m */,
			);
			name = "Other Sources";
			sourceTree = "<group>";
		};
		29B97317FDCFA39411CA2CEA /* Resources */ = {
			isa = PBXGroup;
			children = (
				D843064F132780D70065A78F /* paradise_lost.jpeg */,
				D84305491326D9230065A78F /* row1.png */,
				D8AF34FF1326ADBF00F638B2 /* icon_ipad.png */,
				D8AF34DF1326AC7800F638B2 /* backdrop.png */,
				D860A61B1325918B00DD49EA /* NVPolylineAnnotationView.m */,
				D860A61C1325918B00DD49EA /* NVPolylineAnnotationView.h */,
				D860A61D1325918B00DD49EA /* NVPolylineAnnotation.m */,
				D860A61E1325918B00DD49EA /* NVPolylineAnnotation.h */,
				D860A46C13255ECD00DD49EA /* timelineView.png */,
				D860A46D13255ECD00DD49EA /* distanceView.png */,
				D860A3771325309B00DD49EA /* gold_pin.png */,
				D860A3781325309B00DD49EA /* silver_pin.png */,
				D860A36A1325280900DD49EA /* title_bar.png */,
				D860A2661324471D00DD49EA /* satanic_bible.png */,
				D860A1D513243BFE00DD49EA /* genesis.html */,
				D8B1AA7B1323F4D100FB56A4 /* world.png */,
				D8B1AA7C1323F4D100FB56A4 /* guy.png */,
				D8B1AA7D1323F4D100FB56A4 /* time.png */,
				2899E5210DE3E06400AC0155 /* AmblrViewController.xib */,
				28AD733E0D9D9553002E5188 /* MainWindow.xib */,
				8D1107310486CEB800E47090 /* Amblr-Info.plist */,
				D8B1A2B91323E90A00FB56A4 /* MapViewController.h */,
				D8B1A2BA1323E90A00FB56A4 /* MapViewController.m */,
				D8B1A2BB1323E90A00FB56A4 /* MapViewController.xib */,
				D8B1A3241323EF2400FB56A4 /* ToolViewController.h */,
				D8B1A3251323EF2400FB56A4 /* ToolViewController.m */,
				D8B1A3261323EF2400FB56A4 /* ToolViewController.xib */,
				D8B1AB25132401DB00FB56A4 /* TextViewController.h */,
				D8B1AB26132401DB00FB56A4 /* TextViewController.m */,
				D8B1AB27132401DB00FB56A4 /* TextViewController.xib */,
				D860A195132437D000DD49EA /* WebViewController.h */,
				D860A196132437D000DD49EA /* WebViewController.m */,
				D860A197132437D000DD49EA /* WebViewController.xib */,
				D860A25E1324463700DD49EA /* PurchaseViewController.h */,
				D860A25F1324463700DD49EA /* PurchaseViewController.m */,
				D860A2601324463700DD49EA /* PurchaseViewController.xib */,
				D860A4BA132569F600DD49EA /* DistanceViewController.h */,
				D860A4BB132569F600DD49EA /* DistanceViewController.m */,
				D860A4BC132569F600DD49EA /* DistanceViewController.xib */,
				D84305721326E5E50065A78F /* title_text.png */,
				D84306D2132788760065A78F /* ToolButton.png */,
				D84306CE132788420065A78F /* mediaButton.png */,
				D84306C8132788070065A78F /* mediaButtonBright.png */,
				D84306C21327876B0065A78F /* mapButtonBright.png */,
				D84306C31327876B0065A78F /* mapButton.png */,
				D84305731326E5E50065A78F /* logo.png */,
				D843056E1326E56C0065A78F /* titlePage.png */,
				D843061F13277E800065A78F /* SplashScreenController.h */,
				D843062013277E800065A78F /* SplashScreenController.m */,
				D843062113277E800065A78F /* SplashScreenController.xib */,
				D84306451327806A0065A78F /* MediaViewController.h */,
				D84306461327806A0065A78F /* MediaViewController.m */,
				D84306471327806A0065A78F /* MediaViewController.xib */,
				D84306B9132786A40065A78F /* TabViewController.h */,
				D84306BA132786A40065A78F /* TabViewController.m */,
				D84306BB132786A40065A78F /* TabViewController.xib */,
			);
			name = Resources;
			sourceTree = "<group>";
		};
		29B97323FDCFA39411CA2CEA /* Frameworks */ = {
			isa = PBXGroup;
			children = (
				1DF5F4DF0D08C38300B7A737 /* UIKit.framework */,
				1D30AB110D05D00D00671497 /* Foundation.framework */,
				288765A40DF7441C002DB57D /* CoreGraphics.framework */,
				D8B1A2C01323EA1D00FB56A4 /* MapKit.framework */,
				D8B1AB9F1324132B00FB56A4 /* CoreLocation.framework */,
			);
			name = Frameworks;
			sourceTree = "<group>";
		};
/* End PBXGroup section */

/* Begin PBXNativeTarget section */
		1D6058900D05DD3D006BFB54 /* Amblr */ = {
			isa = PBXNativeTarget;
			buildConfigurationList = 1D6058960D05DD3E006BFB54 /* Build configuration list for PBXNativeTarget "Amblr" */;
			buildPhases = (
				1D60588D0D05DD3D006BFB54 /* Resources */,
				1D60588E0D05DD3D006BFB54 /* Sources */,
				1D60588F0D05DD3D006BFB54 /* Frameworks */,
			);
			buildRules = (
			);
			dependencies = (
			);
			name = Amblr;
			productName = Amblr;
			productReference = 1D6058910D05DD3D006BFB54 /* Amblr.app */;
			productType = "com.apple.product-type.application";
		};
/* End PBXNativeTarget section */

/* Begin PBXProject section */
		29B97313FDCFA39411CA2CEA /* Project object */ = {
			isa = PBXProject;
			buildConfigurationList = C01FCF4E08A954540054247B /* Build configuration list for PBXProject "Amblr" */;
			compatibilityVersion = "Xcode 3.1";
			developmentRegion = English;
			hasScannedForEncodings = 1;
			knownRegions = (
				English,
				Japanese,
				French,
				German,
			);
			mainGroup = 29B97314FDCFA39411CA2CEA /* CustomTemplate */;
			projectDirPath = "";
			projectRoot = "";
			targets = (
				1D6058900D05DD3D006BFB54 /* Amblr */,
			);
		};
/* End PBXProject section */

/* Begin PBXResourcesBuildPhase section */
		1D60588D0D05DD3D006BFB54 /* Resources */ = {
			isa = PBXResourcesBuildPhase;
			buildActionMask = 2147483647;
			files = (
				28AD733F0D9D9553002E5188 /* MainWindow.xib in Resources */,
				2899E5220DE3E06400AC0155 /* AmblrViewController.xib in Resources */,
				D8B1A2BD1323E90A00FB56A4 /* MapViewController.xib in Resources */,
				D8B1A3281323EF2400FB56A4 /* ToolViewController.xib in Resources */,
				D8B1AA7E1323F4D100FB56A4 /* world.png in Resources */,
				D8B1AA7F1323F4D100FB56A4 /* guy.png in Resources */,
				D8B1AA801323F4D100FB56A4 /* time.png in Resources */,
				D8B1AB29132401DB00FB56A4 /* TextViewController.xib in Resources */,
				D860A199132437D000DD49EA /* WebViewController.xib in Resources */,
				D860A1D613243BFE00DD49EA /* genesis.html in Resources */,
				D860A2621324463700DD49EA /* PurchaseViewController.xib in Resources */,
				D860A2671324471D00DD49EA /* satanic_bible.png in Resources */,
				D860A36B1325280900DD49EA /* title_bar.png in Resources */,
				D860A3791325309B00DD49EA /* gold_pin.png in Resources */,
				D860A37A1325309B00DD49EA /* silver_pin.png in Resources */,
				D860A46E13255ECD00DD49EA /* timelineView.png in Resources */,
				D860A46F13255ECD00DD49EA /* distanceView.png in Resources */,
				D860A4BE132569F600DD49EA /* DistanceViewController.xib in Resources */,
				D8AF34E01326AC7800F638B2 /* backdrop.png in Resources */,
				D8AF35001326ADBF00F638B2 /* icon_ipad.png in Resources */,
				D843054A1326D9230065A78F /* row1.png in Resources */,
				D843056F1326E56C0065A78F /* titlePage.png in Resources */,
				D84305741326E5E50065A78F /* title_text.png in Resources */,
				D84305751326E5E50065A78F /* logo.png in Resources */,
				D843062313277E800065A78F /* SplashScreenController.xib in Resources */,
				D84306491327806A0065A78F /* MediaViewController.xib in Resources */,
				D8430650132780D70065A78F /* paradise_lost.jpeg in Resources */,
				D84306BD132786A40065A78F /* TabViewController.xib in Resources */,
				D84306C41327876B0065A78F /* mapButtonBright.png in Resources */,
				D84306C51327876B0065A78F /* mapButton.png in Resources */,
				D84306C9132788070065A78F /* mediaButtonBright.png in Resources */,
				D84306CF132788420065A78F /* mediaButton.png in Resources */,
				D84306D3132788760065A78F /* ToolButton.png in Resources */,
			);
			runOnlyForDeploymentPostprocessing = 0;
		};
/* End PBXResourcesBuildPhase section */

/* Begin PBXSourcesBuildPhase section */
		1D60588E0D05DD3D006BFB54 /* Sources */ = {
			isa = PBXSourcesBuildPhase;
			buildActionMask = 2147483647;
			files = (
				1D60589B0D05DD56006BFB54 /* main.m in Sources */,
				1D3623260D0F684500981E51 /* AmblrAppDelegate.m in Sources */,
				28D7ACF80DDB3853001CB0EB /* AmblrViewController.m in Sources */,
				D8B1A2BC1323E90A00FB56A4 /* MapViewController.m in Sources */,
				D8B1A3271323EF2400FB56A4 /* ToolViewController.m in Sources */,
				D8B1AB28132401DB00FB56A4 /* TextViewController.m in Sources */,
				D8B1ABEE1324162D00FB56A4 /* AmblrNode.m in Sources */,
				D860A198132437D000DD49EA /* WebViewController.m in Sources */,
				D860A2611324463700DD49EA /* PurchaseViewController.m in Sources */,
				D860A4BD132569F600DD49EA /* DistanceViewController.m in Sources */,
				D860A61F1325918B00DD49EA /* NVPolylineAnnotationView.m in Sources */,
				D860A6201325918B00DD49EA /* NVPolylineAnnotation.m in Sources */,
				D843062213277E800065A78F /* SplashScreenController.m in Sources */,
				D84306481327806A0065A78F /* MediaViewController.m in Sources */,
				D84306BC132786A40065A78F /* TabViewController.m in Sources */,
			);
			runOnlyForDeploymentPostprocessing = 0;
		};
/* End PBXSourcesBuildPhase section */

/* Begin XCBuildConfiguration section */
		1D6058940D05DD3E006BFB54 /* Debug */ = {
			isa = XCBuildConfiguration;
			buildSettings = {
				ALWAYS_SEARCH_USER_PATHS = NO;
				COPY_PHASE_STRIP = NO;
				GCC_DYNAMIC_NO_PIC = NO;
				GCC_OPTIMIZATION_LEVEL = 0;
				GCC_PRECOMPILE_PREFIX_HEADER = YES;
				GCC_PREFIX_HEADER = Amblr_Prefix.pch;
				INFOPLIST_FILE = "Amblr-Info.plist";
				PRODUCT_NAME = Amblr;
			};
			name = Debug;
		};
		1D6058950D05DD3E006BFB54 /* Release */ = {
			isa = XCBuildConfiguration;
			buildSettings = {
				ALWAYS_SEARCH_USER_PATHS = NO;
				COPY_PHASE_STRIP = YES;
				GCC_PRECOMPILE_PREFIX_HEADER = YES;
				GCC_PREFIX_HEADER = Amblr_Prefix.pch;
				INFOPLIST_FILE = "Amblr-Info.plist";
				PRODUCT_NAME = Amblr;
				VALIDATE_PRODUCT = YES;
			};
			name = Release;
		};
		C01FCF4F08A954540054247B /* Debug */ = {
			isa = XCBuildConfiguration;
			buildSettings = {
				ARCHS = "$(ARCHS_UNIVERSAL_IPHONE_OS)";
				"CODE_SIGN_IDENTITY[sdk=iphoneos*]" = "iPhone Developer";
				GCC_C_LANGUAGE_STANDARD = c99;
				GCC_WARN_ABOUT_RETURN_TYPE = YES;
				GCC_WARN_UNUSED_VARIABLE = YES;
				PREBINDING = NO;
				SDKROOT = iphoneos3.2;
				TARGETED_DEVICE_FAMILY = 2;
			};
			name = Debug;
		};
		C01FCF5008A954540054247B /* Release */ = {
			isa = XCBuildConfiguration;
			buildSettings = {
				ARCHS = "$(ARCHS_UNIVERSAL_IPHONE_OS)";
				"CODE_SIGN_IDENTITY[sdk=iphoneos*]" = "iPhone Developer";
				GCC_C_LANGUAGE_STANDARD = c99;
				GCC_WARN_ABOUT_RETURN_TYPE = YES;
				GCC_WARN_UNUSED_VARIABLE = YES;
				OTHER_CFLAGS = "-DNS_BLOCK_ASSERTIONS=1";
				PREBINDING = NO;
				SDKROOT = iphoneos3.2;
				TARGETED_DEVICE_FAMILY = 2;
			};
			name = Release;
		};
/* End XCBuildConfiguration section */

/* Begin XCConfigurationList section */
		1D6058960D05DD3E006BFB54 /* Build configuration list for PBXNativeTarget "Amblr" */ = {
			isa = XCConfigurationList;
			buildConfigurations = (
				1D6058940D05DD3E006BFB54 /* Debug */,
				1D6058950D05DD3E006BFB54 /* Release */,
			);
			defaultConfigurationIsVisible = 0;
			defaultConfigurationName = Release;
		};
		C01FCF4E08A954540054247B /* Build configuration list for PBXProject "Amblr" */ = {
			isa = XCConfigurationList;
			buildConfigurations = (
				C01FCF4F08A954540054247B /* Debug */,
				C01FCF5008A954540054247B /* Release */,
			);
			defaultConfigurationIsVisible = 0;
			defaultConfigurationName = Release;
		};
/* End XCConfigurationList section */
	};
	rootObject = 29B97313FDCFA39411CA2CEA /* Project object */;
}
